
Microsoft Visual Studio Solution File, Format Version 12.00
# Visual Studio Version 17
VisualStudioVersion = 17.0.31912.275
MinimumVisualStudioVersion = 10.0.40219.1
Project("{FAE04EC0-301F-11D3-BF4B-00C04F79EFBC}") = "ScheduledPublish", "src\Foundation\ScheduledPublish\code\ScheduledPublish.csproj", "{FF1C37AB-14BA-4D8B-BFB7-1A78BDB7710A}"
EndProject
Global
	GlobalSection(SolutionConfigurationPlatforms) = preSolution
		Debug|Any CPU = Debug|Any CPU
		Release|Any CPU = Release|Any CPU
	EndGlobalSection
	GlobalSection(ProjectConfigurationPlatforms) = postSolution
		{FF1C37AB-14BA-4D8B-BFB7-1A78BDB7710A}.Debug|Any CPU.ActiveCfg = Debug|Any CPU
		{FF1C37AB-14BA-4D8B-BFB7-1A78BDB7710A}.Debug|Any CPU.Build.0 = Debug|Any CPU
		{FF1C37AB-14BA-4D8B-BFB7-1A78BDB7710A}.Release|Any CPU.ActiveCfg = Release|Any CPU
		{FF1C37AB-14BA-4D8B-BFB7-1A78BDB7710A}.Release|Any CPU.Build.0 = Release|Any CPU
	EndGlobalSection
	GlobalSection(SolutionProperties) = preSolution
		HideSolutionNode = FALSE
	EndGlobalSection
	GlobalSection(ExtensibilityGlobals) = postSolution
		SolutionGuid = {3FBFCC8D-3BD3-4773-A885-169FBFFDAFE8}
	EndGlobalSection
EndGlobal
