
Microsoft Visual Studio Solution File, Format Version 12.00
# Visual Studio 2013
VisualStudioVersion = 12.0.31101.0
MinimumVisualStudioVersion = 10.0.40219.1
Project("{FAE04EC0-301F-11D3-BF4B-00C04F79EFBC}") = "ScheduledPublish", "ScheduledPublish\ScheduledPublish.csproj", "{FF1C37AB-14BA-4D8B-BFB7-1A78BDB7710A}"
EndProject
Project("{CAA73BB0-EF22-4D79-A57E-DF67B3BA9C80}") = "ScheduledPublish.Core", "ScheduledPublish.Core\ScheduledPublish.Core.scproj", "{4E72D6C1-9AA2-479A-BDB2-F55766C900D8}"
EndProject
Project("{CAA73BB0-EF22-4D79-A57E-DF67B3BA9C80}") = "ScheduledPublish.Master", "ScheduledPublish.Master\ScheduledPublish.Master.scproj", "{4C9A0A49-9E3D-40B3-A759-22DBB65543F9}"
EndProject
Global
	GlobalSection(SolutionConfigurationPlatforms) = preSolution
		Debug|Any CPU = Debug|Any CPU
		Release|Any CPU = Release|Any CPU
	EndGlobalSection
	GlobalSection(ProjectConfigurationPlatforms) = postSolution
		{FF1C37AB-14BA-4D8B-BFB7-1A78BDB7710A}.Debug|Any CPU.ActiveCfg = Debug|Any CPU
		{FF1C37AB-14BA-4D8B-BFB7-1A78BDB7710A}.Debug|Any CPU.Build.0 = Debug|Any CPU
		{FF1C37AB-14BA-4D8B-BFB7-1A78BDB7710A}.Release|Any CPU.ActiveCfg = Release|Any CPU
		{FF1C37AB-14BA-4D8B-BFB7-1A78BDB7710A}.Release|Any CPU.Build.0 = Release|Any CPU
		{4E72D6C1-9AA2-479A-BDB2-F55766C900D8}.Debug|Any CPU.ActiveCfg = Debug|Any CPU
		{4E72D6C1-9AA2-479A-BDB2-F55766C900D8}.Debug|Any CPU.Build.0 = Debug|Any CPU
		{4E72D6C1-9AA2-479A-BDB2-F55766C900D8}.Debug|Any CPU.Deploy.0 = Debug|Any CPU
		{4E72D6C1-9AA2-479A-BDB2-F55766C900D8}.Release|Any CPU.ActiveCfg = Release|Any CPU
		{4E72D6C1-9AA2-479A-BDB2-F55766C900D8}.Release|Any CPU.Build.0 = Release|Any CPU
		{4E72D6C1-9AA2-479A-BDB2-F55766C900D8}.Release|Any CPU.Deploy.0 = Release|Any CPU
		{4C9A0A49-9E3D-40B3-A759-22DBB65543F9}.Debug|Any CPU.ActiveCfg = Debug|Any CPU
		{4C9A0A49-9E3D-40B3-A759-22DBB65543F9}.Debug|Any CPU.Build.0 = Debug|Any CPU
		{4C9A0A49-9E3D-40B3-A759-22DBB65543F9}.Debug|Any CPU.Deploy.0 = Debug|Any CPU
		{4C9A0A49-9E3D-40B3-A759-22DBB65543F9}.Release|Any CPU.ActiveCfg = Release|Any CPU
		{4C9A0A49-9E3D-40B3-A759-22DBB65543F9}.Release|Any CPU.Build.0 = Release|Any CPU
		{4C9A0A49-9E3D-40B3-A759-22DBB65543F9}.Release|Any CPU.Deploy.0 = Release|Any CPU
	EndGlobalSection
	GlobalSection(SolutionProperties) = preSolution
		HideSolutionNode = FALSE
	EndGlobalSection
EndGlobal
