
Microsoft Visual Studio Solution File, Format Version 12.00
# Visual Studio 2013
VisualStudioVersion = 12.0.31101.0
MinimumVisualStudioVersion = 10.0.40219.1
Project("{FAE04EC0-301F-11D3-BF4B-00C04F79EFBC}") = "ScheduledPublish", "ScheduledPublish\ScheduledPublish.csproj", "{5F927B21-AE3C-4759-8688-D2FF0E3701AA}"
EndProject
Project("{CAA73BB0-EF22-4D79-A57E-DF67B3BA9C80}") = "ScheduledPublish.Core", "ScheduledPublish.Core\ScheduledPublish.Core.scproj", "{F487F7BD-05F2-483E-9DF1-019138E037D8}"
EndProject
Project("{CAA73BB0-EF22-4D79-A57E-DF67B3BA9C80}") = "ScheduledPublish.Master", "ScheduledPublish.Master\ScheduledPublish.Master.scproj", "{FA3CC169-8545-4677-BF60-E1EF8CD51593}"
EndProject
Global
	GlobalSection(SolutionConfigurationPlatforms) = preSolution
		Debug|Any CPU = Debug|Any CPU
		Release|Any CPU = Release|Any CPU
	EndGlobalSection
	GlobalSection(ProjectConfigurationPlatforms) = postSolution
		{5F927B21-AE3C-4759-8688-D2FF0E3701AA}.Debug|Any CPU.ActiveCfg = Debug|Any CPU
		{5F927B21-AE3C-4759-8688-D2FF0E3701AA}.Debug|Any CPU.Build.0 = Debug|Any CPU
		{5F927B21-AE3C-4759-8688-D2FF0E3701AA}.Release|Any CPU.ActiveCfg = Release|Any CPU
		{5F927B21-AE3C-4759-8688-D2FF0E3701AA}.Release|Any CPU.Build.0 = Release|Any CPU
		{F487F7BD-05F2-483E-9DF1-019138E037D8}.Debug|Any CPU.ActiveCfg = Debug|Any CPU
		{F487F7BD-05F2-483E-9DF1-019138E037D8}.Debug|Any CPU.Build.0 = Debug|Any CPU
		{F487F7BD-05F2-483E-9DF1-019138E037D8}.Debug|Any CPU.Deploy.0 = Debug|Any CPU
		{F487F7BD-05F2-483E-9DF1-019138E037D8}.Release|Any CPU.ActiveCfg = Release|Any CPU
		{F487F7BD-05F2-483E-9DF1-019138E037D8}.Release|Any CPU.Build.0 = Release|Any CPU
		{F487F7BD-05F2-483E-9DF1-019138E037D8}.Release|Any CPU.Deploy.0 = Release|Any CPU
		{FA3CC169-8545-4677-BF60-E1EF8CD51593}.Debug|Any CPU.ActiveCfg = Debug|Any CPU
		{FA3CC169-8545-4677-BF60-E1EF8CD51593}.Debug|Any CPU.Build.0 = Debug|Any CPU
		{FA3CC169-8545-4677-BF60-E1EF8CD51593}.Debug|Any CPU.Deploy.0 = Debug|Any CPU
		{FA3CC169-8545-4677-BF60-E1EF8CD51593}.Release|Any CPU.ActiveCfg = Release|Any CPU
		{FA3CC169-8545-4677-BF60-E1EF8CD51593}.Release|Any CPU.Build.0 = Release|Any CPU
		{FA3CC169-8545-4677-BF60-E1EF8CD51593}.Release|Any CPU.Deploy.0 = Release|Any CPU
	EndGlobalSection
	GlobalSection(SolutionProperties) = preSolution
		HideSolutionNode = FALSE
	EndGlobalSection
EndGlobal
